// !$*UTF8*$!
{
	archiveVersion = 1;
	classes = {
	};
	objectVersion = 46;
	objects = {

/* Begin PBXBuildFile section */
		D51C71651DEE14180089EAB5 /* ItemCell.swift in Sources */ = {isa = PBXBuildFile; fileRef = D51C71641DEE14180089EAB5 /* ItemCell.swift */; };
		D5A1D0481DEF62E500EC3077 /* ItemDetailVC.swift in Sources */ = {isa = PBXBuildFile; fileRef = D5A1D0471DEF62E500EC3077 /* ItemDetailVC.swift */; };
		D5E46E621DECD548006610EA /* AppDelegate.swift in Sources */ = {isa = PBXBuildFile; fileRef = D5E46E611DECD548006610EA /* AppDelegate.swift */; };
		D5E46E641DECD548006610EA /* MainVC.swift in Sources */ = {isa = PBXBuildFile; fileRef = D5E46E631DECD548006610EA /* MainVC.swift */; };
		D5E46E671DECD548006610EA /* Main.storyboard in Resources */ = {isa = PBXBuildFile; fileRef = D5E46E651DECD548006610EA /* Main.storyboard */; };
		D5E46E6A1DECD548006610EA /* DreamLister.xcdatamodeld in Sources */ = {isa = PBXBuildFile; fileRef = D5E46E681DECD548006610EA /* DreamLister.xcdatamodeld */; };
		D5E46E6C1DECD548006610EA /* Assets.xcassets in Resources */ = {isa = PBXBuildFile; fileRef = D5E46E6B1DECD548006610EA /* Assets.xcassets */; };
		D5E46E6F1DECD548006610EA /* LaunchScreen.storyboard in Resources */ = {isa = PBXBuildFile; fileRef = D5E46E6D1DECD548006610EA /* LaunchScreen.storyboard */; };
		D5E46E7E1DECD93F006610EA /* ItemType+CoreDataClass.swift in Sources */ = {isa = PBXBuildFile; fileRef = D5E46E761DECD93F006610EA /* ItemType+CoreDataClass.swift */; };
		D5E46E7F1DECD93F006610EA /* ItemType+CoreDataProperties.swift in Sources */ = {isa = PBXBuildFile; fileRef = D5E46E771DECD93F006610EA /* ItemType+CoreDataProperties.swift */; };
		D5E46E801DECD93F006610EA /* Image+CoreDataClass.swift in Sources */ = {isa = PBXBuildFile; fileRef = D5E46E781DECD93F006610EA /* Image+CoreDataClass.swift */; };
		D5E46E811DECD93F006610EA /* Image+CoreDataProperties.swift in Sources */ = {isa = PBXBuildFile; fileRef = D5E46E791DECD93F006610EA /* Image+CoreDataProperties.swift */; };
		D5E46E821DECD93F006610EA /* Item+CoreDataClass.swift in Sources */ = {isa = PBXBuildFile; fileRef = D5E46E7A1DECD93F006610EA /* Item+CoreDataClass.swift */; };
		D5E46E831DECD93F006610EA /* Item+CoreDataProperties.swift in Sources */ = {isa = PBXBuildFile; fileRef = D5E46E7B1DECD93F006610EA /* Item+CoreDataProperties.swift */; };
		D5E46E841DECD93F006610EA /* Store+CoreDataClass.swift in Sources */ = {isa = PBXBuildFile; fileRef = D5E46E7C1DECD93F006610EA /* Store+CoreDataClass.swift */; };
		D5E46E851DECD93F006610EA /* Store+CoreDataProperties.swift in Sources */ = {isa = PBXBuildFile; fileRef = D5E46E7D1DECD93F006610EA /* Store+CoreDataProperties.swift */; };
		D5E46E8B1DECDE51006610EA /* MaterialView.swift in Sources */ = {isa = PBXBuildFile; fileRef = D5E46E8A1DECDE51006610EA /* MaterialView.swift */; };
/* End PBXBuildFile section */

/* Begin PBXFileReference section */
		D51C71641DEE14180089EAB5 /* ItemCell.swift */ = {isa = PBXFileReference; fileEncoding = 4; lastKnownFileType = sourcecode.swift; path = ItemCell.swift; sourceTree = "<group>"; };
		D5A1D0471DEF62E500EC3077 /* ItemDetailVC.swift */ = {isa = PBXFileReference; fileEncoding = 4; lastKnownFileType = sourcecode.swift; path = ItemDetailVC.swift; sourceTree = "<group>"; };
		D5E46E5E1DECD548006610EA /* DreamLister.app */ = {isa = PBXFileReference; explicitFileType = wrapper.application; includeInIndex = 0; path = DreamLister.app; sourceTree = BUILT_PRODUCTS_DIR; };
		D5E46E611DECD548006610EA /* AppDelegate.swift */ = {isa = PBXFileReference; lastKnownFileType = sourcecode.swift; path = AppDelegate.swift; sourceTree = "<group>"; };
		D5E46E631DECD548006610EA /* MainVC.swift */ = {isa = PBXFileReference; lastKnownFileType = sourcecode.swift; path = MainVC.swift; sourceTree = "<group>"; };
		D5E46E661DECD548006610EA /* Base */ = {isa = PBXFileReference; lastKnownFileType = file.storyboard; name = Base; path = Base.lproj/Main.storyboard; sourceTree = "<group>"; };
		D5E46E691DECD548006610EA /* DreamLister.xcdatamodel */ = {isa = PBXFileReference; lastKnownFileType = wrapper.xcdatamodel; path = DreamLister.xcdatamodel; sourceTree = "<group>"; };
		D5E46E6B1DECD548006610EA /* Assets.xcassets */ = {isa = PBXFileReference; lastKnownFileType = folder.assetcatalog; path = Assets.xcassets; sourceTree = "<group>"; };
		D5E46E6E1DECD548006610EA /* Base */ = {isa = PBXFileReference; lastKnownFileType = file.storyboard; name = Base; path = Base.lproj/LaunchScreen.storyboard; sourceTree = "<group>"; };
		D5E46E701DECD548006610EA /* Info.plist */ = {isa = PBXFileReference; lastKnownFileType = text.plist.xml; path = Info.plist; sourceTree = "<group>"; };
		D5E46E761DECD93F006610EA /* ItemType+CoreDataClass.swift */ = {isa = PBXFileReference; fileEncoding = 4; lastKnownFileType = sourcecode.swift; path = "ItemType+CoreDataClass.swift"; sourceTree = "<group>"; };
		D5E46E771DECD93F006610EA /* ItemType+CoreDataProperties.swift */ = {isa = PBXFileReference; fileEncoding = 4; lastKnownFileType = sourcecode.swift; path = "ItemType+CoreDataProperties.swift"; sourceTree = "<group>"; };
		D5E46E781DECD93F006610EA /* Image+CoreDataClass.swift */ = {isa = PBXFileReference; fileEncoding = 4; lastKnownFileType = sourcecode.swift; path = "Image+CoreDataClass.swift"; sourceTree = "<group>"; };
		D5E46E791DECD93F006610EA /* Image+CoreDataProperties.swift */ = {isa = PBXFileReference; fileEncoding = 4; lastKnownFileType = sourcecode.swift; path = "Image+CoreDataProperties.swift"; sourceTree = "<group>"; };
		D5E46E7A1DECD93F006610EA /* Item+CoreDataClass.swift */ = {isa = PBXFileReference; fileEncoding = 4; lastKnownFileType = sourcecode.swift; path = "Item+CoreDataClass.swift"; sourceTree = "<group>"; };
		D5E46E7B1DECD93F006610EA /* Item+CoreDataProperties.swift */ = {isa = PBXFileReference; fileEncoding = 4; lastKnownFileType = sourcecode.swift; path = "Item+CoreDataProperties.swift"; sourceTree = "<group>"; };
		D5E46E7C1DECD93F006610EA /* Store+CoreDataClass.swift */ = {isa = PBXFileReference; fileEncoding = 4; lastKnownFileType = sourcecode.swift; path = "Store+CoreDataClass.swift"; sourceTree = "<group>"; };
		D5E46E7D1DECD93F006610EA /* Store+CoreDataProperties.swift */ = {isa = PBXFileReference; fileEncoding = 4; lastKnownFileType = sourcecode.swift; path = "Store+CoreDataProperties.swift"; sourceTree = "<group>"; };
		D5E46E8A1DECDE51006610EA /* MaterialView.swift */ = {isa = PBXFileReference; fileEncoding = 4; lastKnownFileType = sourcecode.swift; path = MaterialView.swift; sourceTree = "<group>"; };
/* End PBXFileReference section */

/* Begin PBXFrameworksBuildPhase section */
		D5E46E5B1DECD548006610EA /* Frameworks */ = {
			isa = PBXFrameworksBuildPhase;
			buildActionMask = 2147483647;
			files = (
			);
			runOnlyForDeploymentPostprocessing = 0;
		};
/* End PBXFrameworksBuildPhase section */

/* Begin PBXGroup section */
		D5E46E551DECD548006610EA = {
			isa = PBXGroup;
			children = (
				D5E46E601DECD548006610EA /* DreamLister */,
				D5E46E5F1DECD548006610EA /* Products */,
			);
			sourceTree = "<group>";
		};
		D5E46E5F1DECD548006610EA /* Products */ = {
			isa = PBXGroup;
			children = (
				D5E46E5E1DECD548006610EA /* DreamLister.app */,
			);
			name = Products;
			sourceTree = "<group>";
		};
		D5E46E601DECD548006610EA /* DreamLister */ = {
			isa = PBXGroup;
			children = (
				D5E46E861DECD946006610EA /* Modal */,
				D5E46E871DECD94D006610EA /* View */,
				D5E46E881DECD952006610EA /* Controller */,
				D5E46E611DECD548006610EA /* AppDelegate.swift */,
				D5E46E6D1DECD548006610EA /* LaunchScreen.storyboard */,
				D5E46E651DECD548006610EA /* Main.storyboard */,
				D5E46E6B1DECD548006610EA /* Assets.xcassets */,
				D5E46E701DECD548006610EA /* Info.plist */,
				D5E46E681DECD548006610EA /* DreamLister.xcdatamodeld */,
			);
			path = DreamLister;
			sourceTree = "<group>";
		};
		D5E46E861DECD946006610EA /* Modal */ = {
			isa = PBXGroup;
			children = (
				D5E46E761DECD93F006610EA /* ItemType+CoreDataClass.swift */,
				D5E46E781DECD93F006610EA /* Image+CoreDataClass.swift */,
				D5E46E7A1DECD93F006610EA /* Item+CoreDataClass.swift */,
				D5E46E7C1DECD93F006610EA /* Store+CoreDataClass.swift */,
				D5E46E891DECD989006610EA /* Generated */,
			);
			name = Modal;
			sourceTree = "<group>";
		};
		D5E46E871DECD94D006610EA /* View */ = {
			isa = PBXGroup;
			children = (
				D5E46E8A1DECDE51006610EA /* MaterialView.swift */,
				D51C71641DEE14180089EAB5 /* ItemCell.swift */,
			);
			name = View;
			sourceTree = "<group>";
		};
		D5E46E881DECD952006610EA /* Controller */ = {
			isa = PBXGroup;
			children = (
				D5E46E631DECD548006610EA /* MainVC.swift */,
				D5A1D0471DEF62E500EC3077 /* ItemDetailVC.swift */,
			);
			name = Controller;
			sourceTree = "<group>";
		};
		D5E46E891DECD989006610EA /* Generated */ = {
			isa = PBXGroup;
			children = (
				D5E46E791DECD93F006610EA /* Image+CoreDataProperties.swift */,
				D5E46E771DECD93F006610EA /* ItemType+CoreDataProperties.swift */,
				D5E46E7B1DECD93F006610EA /* Item+CoreDataProperties.swift */,
				D5E46E7D1DECD93F006610EA /* Store+CoreDataProperties.swift */,
			);
			name = Generated;
			sourceTree = "<group>";
		};
/* End PBXGroup section */

/* Begin PBXNativeTarget section */
		D5E46E5D1DECD548006610EA /* DreamLister */ = {
			isa = PBXNativeTarget;
			buildConfigurationList = D5E46E731DECD548006610EA /* Build configuration list for PBXNativeTarget "DreamLister" */;
			buildPhases = (
				D5E46E5A1DECD548006610EA /* Sources */,
				D5E46E5B1DECD548006610EA /* Frameworks */,
				D5E46E5C1DECD548006610EA /* Resources */,
			);
			buildRules = (
			);
			dependencies = (
			);
			name = DreamLister;
			productName = DreamLister;
			productReference = D5E46E5E1DECD548006610EA /* DreamLister.app */;
			productType = "com.apple.product-type.application";
		};
/* End PBXNativeTarget section */

/* Begin PBXProject section */
		D5E46E561DECD548006610EA /* Project object */ = {
			isa = PBXProject;
			attributes = {
				LastSwiftUpdateCheck = 0800;
				LastUpgradeCheck = 0800;
				ORGANIZATIONNAME = "Younoussa Ousmane Abdou";
				TargetAttributes = {
					D5E46E5D1DECD548006610EA = {
						CreatedOnToolsVersion = 8.0;
						ProvisioningStyle = Automatic;
					};
				};
			};
			buildConfigurationList = D5E46E591DECD548006610EA /* Build configuration list for PBXProject "DreamLister" */;
			compatibilityVersion = "Xcode 3.2";
			developmentRegion = English;
			hasScannedForEncodings = 0;
			knownRegions = (
				en,
				Base,
			);
			mainGroup = D5E46E551DECD548006610EA;
			productRefGroup = D5E46E5F1DECD548006610EA /* Products */;
			projectDirPath = "";
			projectRoot = "";
			targets = (
				D5E46E5D1DECD548006610EA /* DreamLister */,
			);
		};
/* End PBXProject section */

/* Begin PBXResourcesBuildPhase section */
		D5E46E5C1DECD548006610EA /* Resources */ = {
			isa = PBXResourcesBuildPhase;
			buildActionMask = 2147483647;
			files = (
				D5E46E6F1DECD548006610EA /* LaunchScreen.storyboard in Resources */,
				D5E46E6C1DECD548006610EA /* Assets.xcassets in Resources */,
				D5E46E671DECD548006610EA /* Main.storyboard in Resources */,
			);
			runOnlyForDeploymentPostprocessing = 0;
		};
/* End PBXResourcesBuildPhase section */

/* Begin PBXSourcesBuildPhase section */
		D5E46E5A1DECD548006610EA /* Sources */ = {
			isa = PBXSourcesBuildPhase;
			buildActionMask = 2147483647;
			files = (
				D51C71651DEE14180089EAB5 /* ItemCell.swift in Sources */,
				D5E46E7E1DECD93F006610EA /* ItemType+CoreDataClass.swift in Sources */,
				D5E46E7F1DECD93F006610EA /* ItemType+CoreDataProperties.swift in Sources */,
				D5E46E641DECD548006610EA /* MainVC.swift in Sources */,
				D5E46E8B1DECDE51006610EA /* MaterialView.swift in Sources */,
				D5E46E801DECD93F006610EA /* Image+CoreDataClass.swift in Sources */,
				D5E46E851DECD93F006610EA /* Store+CoreDataProperties.swift in Sources */,
				D5E46E621DECD548006610EA /* AppDelegate.swift in Sources */,
				D5E46E6A1DECD548006610EA /* DreamLister.xcdatamodeld in Sources */,
				D5E46E831DECD93F006610EA /* Item+CoreDataProperties.swift in Sources */,
				D5A1D0481DEF62E500EC3077 /* ItemDetailVC.swift in Sources */,
				D5E46E841DECD93F006610EA /* Store+CoreDataClass.swift in Sources */,
				D5E46E821DECD93F006610EA /* Item+CoreDataClass.swift in Sources */,
				D5E46E811DECD93F006610EA /* Image+CoreDataProperties.swift in Sources */,
			);
			runOnlyForDeploymentPostprocessing = 0;
		};
/* End PBXSourcesBuildPhase section */

/* Begin PBXVariantGroup section */
		D5E46E651DECD548006610EA /* Main.storyboard */ = {
			isa = PBXVariantGroup;
			children = (
				D5E46E661DECD548006610EA /* Base */,
			);
			name = Main.storyboard;
			sourceTree = "<group>";
		};
		D5E46E6D1DECD548006610EA /* LaunchScreen.storyboard */ = {
			isa = PBXVariantGroup;
			children = (
				D5E46E6E1DECD548006610EA /* Base */,
			);
			name = LaunchScreen.storyboard;
			sourceTree = "<group>";
		};
/* End PBXVariantGroup section */

/* Begin XCBuildConfiguration section */
		D5E46E711DECD548006610EA /* Debug */ = {
			isa = XCBuildConfiguration;
			buildSettings = {
				ALWAYS_SEARCH_USER_PATHS = NO;
				CLANG_ANALYZER_NONNULL = YES;
				CLANG_CXX_LANGUAGE_STANDARD = "gnu++0x";
				CLANG_CXX_LIBRARY = "libc++";
				CLANG_ENABLE_MODULES = YES;
				CLANG_ENABLE_OBJC_ARC = YES;
				CLANG_WARN_BOOL_CONVERSION = YES;
				CLANG_WARN_CONSTANT_CONVERSION = YES;
				CLANG_WARN_DIRECT_OBJC_ISA_USAGE = YES_ERROR;
				CLANG_WARN_DOCUMENTATION_COMMENTS = YES;
				CLANG_WARN_EMPTY_BODY = YES;
				CLANG_WARN_ENUM_CONVERSION = YES;
				CLANG_WARN_INFINITE_RECURSION = YES;
				CLANG_WARN_INT_CONVERSION = YES;
				CLANG_WARN_OBJC_ROOT_CLASS = YES_ERROR;
				CLANG_WARN_SUSPICIOUS_MOVES = YES;
				CLANG_WARN_UNREACHABLE_CODE = YES;
				CLANG_WARN__DUPLICATE_METHOD_MATCH = YES;
				"CODE_SIGN_IDENTITY[sdk=iphoneos*]" = "iPhone Developer";
				COPY_PHASE_STRIP = NO;
				DEBUG_INFORMATION_FORMAT = dwarf;
				ENABLE_STRICT_OBJC_MSGSEND = YES;
				ENABLE_TESTABILITY = YES;
				GCC_C_LANGUAGE_STANDARD = gnu99;
				GCC_DYNAMIC_NO_PIC = NO;
				GCC_NO_COMMON_BLOCKS = YES;
				GCC_OPTIMIZATION_LEVEL = 0;
				GCC_PREPROCESSOR_DEFINITIONS = (
					"DEBUG=1",
					"$(inherited)",
				);
				GCC_WARN_64_TO_32_BIT_CONVERSION = YES;
				GCC_WARN_ABOUT_RETURN_TYPE = YES_ERROR;
				GCC_WARN_UNDECLARED_SELECTOR = YES;
				GCC_WARN_UNINITIALIZED_AUTOS = YES_AGGRESSIVE;
				GCC_WARN_UNUSED_FUNCTION = YES;
				GCC_WARN_UNUSED_VARIABLE = YES;
				IPHONEOS_DEPLOYMENT_TARGET = 10.0;
				MTL_ENABLE_DEBUG_INFO = YES;
				ONLY_ACTIVE_ARCH = YES;
				SDKROOT = iphoneos;
				SWIFT_ACTIVE_COMPILATION_CONDITIONS = DEBUG;
				SWIFT_OPTIMIZATION_LEVEL = "-Onone";
				TARGETED_DEVICE_FAMILY = "1,2";
			};
			name = Debug;
		};
		D5E46E721DECD548006610EA /* Release */ = {
			isa = XCBuildConfiguration;
			buildSettings = {
				ALWAYS_SEARCH_USER_PATHS = NO;
				CLANG_ANALYZER_NONNULL = YES;
				CLANG_CXX_LANGUAGE_STANDARD = "gnu++0x";
				CLANG_CXX_LIBRARY = "libc++";
				CLANG_ENABLE_MODULES = YES;
				CLANG_ENABLE_OBJC_ARC = YES;
				CLANG_WARN_BOOL_CONVERSION = YES;
				CLANG_WARN_CONSTANT_CONVERSION = YES;
				CLANG_WARN_DIRECT_OBJC_ISA_USAGE = YES_ERROR;
				CLANG_WARN_DOCUMENTATION_COMMENTS = YES;
				CLANG_WARN_EMPTY_BODY = YES;
				CLANG_WARN_ENUM_CONVERSION = YES;
				CLANG_WARN_INFINITE_RECURSION = YES;
				CLANG_WARN_INT_CONVERSION = YES;
				CLANG_WARN_OBJC_ROOT_CLASS = YES_ERROR;
				CLANG_WARN_SUSPICIOUS_MOVES = YES;
				CLANG_WARN_UNREACHABLE_CODE = YES;
				CLANG_WARN__DUPLICATE_METHOD_MATCH = YES;
				"CODE_SIGN_IDENTITY[sdk=iphoneos*]" = "iPhone Developer";
				COPY_PHASE_STRIP = NO;
				DEBUG_INFORMATION_FORMAT = "dwarf-with-dsym";
				ENABLE_NS_ASSERTIONS = NO;
				ENABLE_STRICT_OBJC_MSGSEND = YES;
				GCC_C_LANGUAGE_STANDARD = gnu99;
				GCC_NO_COMMON_BLOCKS = YES;
				GCC_WARN_64_TO_32_BIT_CONVERSION = YES;
				GCC_WARN_ABOUT_RETURN_TYPE = YES_ERROR;
				GCC_WARN_UNDECLARED_SELECTOR = YES;
				GCC_WARN_UNINITIALIZED_AUTOS = YES_AGGRESSIVE;
				GCC_WARN_UNUSED_FUNCTION = YES;
				GCC_WARN_UNUSED_VARIABLE = YES;
				IPHONEOS_DEPLOYMENT_TARGET = 10.0;
				MTL_ENABLE_DEBUG_INFO = NO;
				SDKROOT = iphoneos;
				SWIFT_OPTIMIZATION_LEVEL = "-Owholemodule";
				TARGETED_DEVICE_FAMILY = "1,2";
				VALIDATE_PRODUCT = YES;
			};
			name = Release;
		};
		D5E46E741DECD548006610EA /* Debug */ = {
			isa = XCBuildConfiguration;
			buildSettings = {
				ASSETCATALOG_COMPILER_APPICON_NAME = AppIcon;
				INFOPLIST_FILE = DreamLister/Info.plist;
				LD_RUNPATH_SEARCH_PATHS = "$(inherited) @executable_path/Frameworks";
				PRODUCT_BUNDLE_IDENTIFIER = com.yuso.DreamLister;
				PRODUCT_NAME = "$(TARGET_NAME)";
				SWIFT_VERSION = 3.0;
			};
			name = Debug;
		};
		D5E46E751DECD548006610EA /* Release */ = {
			isa = XCBuildConfiguration;
			buildSettings = {
				ASSETCATALOG_COMPILER_APPICON_NAME = AppIcon;
				INFOPLIST_FILE = DreamLister/Info.plist;
				LD_RUNPATH_SEARCH_PATHS = "$(inherited) @executable_path/Frameworks";
				PRODUCT_BUNDLE_IDENTIFIER = com.yuso.DreamLister;
				PRODUCT_NAME = "$(TARGET_NAME)";
				SWIFT_VERSION = 3.0;
			};
			name = Release;
		};
/* End XCBuildConfiguration section */

/* Begin XCConfigurationList section */
		D5E46E591DECD548006610EA /* Build configuration list for PBXProject "DreamLister" */ = {
			isa = XCConfigurationList;
			buildConfigurations = (
				D5E46E711DECD548006610EA /* Debug */,
				D5E46E721DECD548006610EA /* Release */,
			);
			defaultConfigurationIsVisible = 0;
			defaultConfigurationName = Release;
		};
		D5E46E731DECD548006610EA /* Build configuration list for PBXNativeTarget "DreamLister" */ = {
			isa = XCConfigurationList;
			buildConfigurations = (
				D5E46E741DECD548006610EA /* Debug */,
				D5E46E751DECD548006610EA /* Release */,
			);
			defaultConfigurationIsVisible = 0;
			defaultConfigurationName = Release;
		};
/* End XCConfigurationList section */

/* Begin XCVersionGroup section */
		D5E46E681DECD548006610EA /* DreamLister.xcdatamodeld */ = {
			isa = XCVersionGroup;
			children = (
				D5E46E691DECD548006610EA /* DreamLister.xcdatamodel */,
			);
			currentVersion = D5E46E691DECD548006610EA /* DreamLister.xcdatamodel */;
			path = DreamLister.xcdatamodeld;
			sourceTree = "<group>";
			versionGroupType = wrapper.xcdatamodel;
		};
/* End XCVersionGroup section */
	};
	rootObject = D5E46E561DECD548006610EA /* Project object */;
}
